
Microsoft Visual Studio Solution File, Format Version 12.00
# Visual Studio Version 17
VisualStudioVersion = 17.3.32901.215
MinimumVisualStudioVersion = 10.0.40219.1
Project("{FAE04EC0-301F-11D3-BF4B-00C04F79EFBC}") = "AdminPanel.Business", "AdminPanel.Business\AdminPanel.Business.csproj", "{DEFF45F7-F8F2-49DA-8240-47688BE1AB15}"
EndProject
Project("{FAE04EC0-301F-11D3-BF4B-00C04F79EFBC}") = "AdminPanel.DataAccess", "AdminPanel.DataAccess\AdminPanel.DataAccess.csproj", "{C604DA70-6981-417F-861C-3A583FE1D32C}"
EndProject
Project("{FAE04EC0-301F-11D3-BF4B-00C04F79EFBC}") = "AdminPanel.Entities", "AdminPanel.Entities\AdminPanel.Entities.csproj", "{28EE2991-7811-41D5-B185-DDB41CC70D51}"
EndProject
Project("{9A19103F-16F7-4668-BE54-9A1E7A4F7556}") = "AdminPanel.API", "AdminPanel.API\AdminPanel.API.csproj", "{60D7686D-838D-469A-A657-51DE9CF089EB}"
EndProject
Global
	GlobalSection(SolutionConfigurationPlatforms) = preSolution
		Debug|Any CPU = Debug|Any CPU
		Release|Any CPU = Release|Any CPU
	EndGlobalSection
	GlobalSection(ProjectConfigurationPlatforms) = postSolution
		{DEFF45F7-F8F2-49DA-8240-47688BE1AB15}.Debug|Any CPU.ActiveCfg = Debug|Any CPU
		{DEFF45F7-F8F2-49DA-8240-47688BE1AB15}.Debug|Any CPU.Build.0 = Debug|Any CPU
		{DEFF45F7-F8F2-49DA-8240-47688BE1AB15}.Release|Any CPU.ActiveCfg = Release|Any CPU
		{DEFF45F7-F8F2-49DA-8240-47688BE1AB15}.Release|Any CPU.Build.0 = Release|Any CPU
		{C604DA70-6981-417F-861C-3A583FE1D32C}.Debug|Any CPU.ActiveCfg = Debug|Any CPU
		{C604DA70-6981-417F-861C-3A583FE1D32C}.Debug|Any CPU.Build.0 = Debug|Any CPU
		{C604DA70-6981-417F-861C-3A583FE1D32C}.Release|Any CPU.ActiveCfg = Release|Any CPU
		{C604DA70-6981-417F-861C-3A583FE1D32C}.Release|Any CPU.Build.0 = Release|Any CPU
		{28EE2991-7811-41D5-B185-DDB41CC70D51}.Debug|Any CPU.ActiveCfg = Debug|Any CPU
		{28EE2991-7811-41D5-B185-DDB41CC70D51}.Debug|Any CPU.Build.0 = Debug|Any CPU
		{28EE2991-7811-41D5-B185-DDB41CC70D51}.Release|Any CPU.ActiveCfg = Release|Any CPU
		{28EE2991-7811-41D5-B185-DDB41CC70D51}.Release|Any CPU.Build.0 = Release|Any CPU
		{60D7686D-838D-469A-A657-51DE9CF089EB}.Debug|Any CPU.ActiveCfg = Debug|Any CPU
		{60D7686D-838D-469A-A657-51DE9CF089EB}.Debug|Any CPU.Build.0 = Debug|Any CPU
		{60D7686D-838D-469A-A657-51DE9CF089EB}.Release|Any CPU.ActiveCfg = Release|Any CPU
		{60D7686D-838D-469A-A657-51DE9CF089EB}.Release|Any CPU.Build.0 = Release|Any CPU
	EndGlobalSection
	GlobalSection(SolutionProperties) = preSolution
		HideSolutionNode = FALSE
	EndGlobalSection
	GlobalSection(ExtensibilityGlobals) = postSolution
		SolutionGuid = {CF3A5D0E-E957-49E1-9DCE-BA4AD6B056BE}
	EndGlobalSection
EndGlobal
